
Microsoft Visual Studio Solution File, Format Version 12.00
# Visual Studio 15
VisualStudioVersion = 15.0.27130.2027
MinimumVisualStudioVersion = 10.0.40219.1
Project("{FAE04EC0-301F-11D3-BF4B-00C04F79EFBC}") = "FlappyBird", "FlappyBird\FlappyBird.csproj", "{50BC450C-C449-4A07-8F6F-20509B2AA9C0}"
EndProject
Project("{FAE04EC0-301F-11D3-BF4B-00C04F79EFBC}") = "CarRacing", "WindowsFormsApp1\CarRacing.csproj", "{573A3E85-9063-4D02-9075-49CDDDD0CBC6}"
EndProject
Project("{FAE04EC0-301F-11D3-BF4B-00C04F79EFBC}") = "WindowsFormSound", "WindowsFormSound\WindowsFormSound.csproj", "{73866F2B-435E-45CC-B2B8-18C2778BB90E}"
EndProject
Global
	GlobalSection(SolutionConfigurationPlatforms) = preSolution
		Debug|Any CPU = Debug|Any CPU
		Debug|x64 = Debug|x64
		Debug|x86 = Debug|x86
		Release|Any CPU = Release|Any CPU
		Release|x64 = Release|x64
		Release|x86 = Release|x86
	EndGlobalSection
	GlobalSection(ProjectConfigurationPlatforms) = postSolution
		{50BC450C-C449-4A07-8F6F-20509B2AA9C0}.Debug|Any CPU.ActiveCfg = Debug|Any CPU
		{50BC450C-C449-4A07-8F6F-20509B2AA9C0}.Debug|Any CPU.Build.0 = Debug|Any CPU
		{50BC450C-C449-4A07-8F6F-20509B2AA9C0}.Debug|x64.ActiveCfg = Debug|x64
		{50BC450C-C449-4A07-8F6F-20509B2AA9C0}.Debug|x64.Build.0 = Debug|x64
		{50BC450C-C449-4A07-8F6F-20509B2AA9C0}.Debug|x86.ActiveCfg = Debug|x86
		{50BC450C-C449-4A07-8F6F-20509B2AA9C0}.Debug|x86.Build.0 = Debug|x86
		{50BC450C-C449-4A07-8F6F-20509B2AA9C0}.Release|Any CPU.ActiveCfg = Release|Any CPU
		{50BC450C-C449-4A07-8F6F-20509B2AA9C0}.Release|Any CPU.Build.0 = Release|Any CPU
		{50BC450C-C449-4A07-8F6F-20509B2AA9C0}.Release|x64.ActiveCfg = Release|x64
		{50BC450C-C449-4A07-8F6F-20509B2AA9C0}.Release|x64.Build.0 = Release|x64
		{50BC450C-C449-4A07-8F6F-20509B2AA9C0}.Release|x86.ActiveCfg = Release|x86
		{50BC450C-C449-4A07-8F6F-20509B2AA9C0}.Release|x86.Build.0 = Release|x86
		{573A3E85-9063-4D02-9075-49CDDDD0CBC6}.Debug|Any CPU.ActiveCfg = Debug|Any CPU
		{573A3E85-9063-4D02-9075-49CDDDD0CBC6}.Debug|Any CPU.Build.0 = Debug|Any CPU
		{573A3E85-9063-4D02-9075-49CDDDD0CBC6}.Debug|x64.ActiveCfg = Debug|Any CPU
		{573A3E85-9063-4D02-9075-49CDDDD0CBC6}.Debug|x64.Build.0 = Debug|Any CPU
		{573A3E85-9063-4D02-9075-49CDDDD0CBC6}.Debug|x86.ActiveCfg = Debug|Any CPU
		{573A3E85-9063-4D02-9075-49CDDDD0CBC6}.Debug|x86.Build.0 = Debug|Any CPU
		{573A3E85-9063-4D02-9075-49CDDDD0CBC6}.Release|Any CPU.ActiveCfg = Release|Any CPU
		{573A3E85-9063-4D02-9075-49CDDDD0CBC6}.Release|Any CPU.Build.0 = Release|Any CPU
		{573A3E85-9063-4D02-9075-49CDDDD0CBC6}.Release|x64.ActiveCfg = Release|Any CPU
		{573A3E85-9063-4D02-9075-49CDDDD0CBC6}.Release|x64.Build.0 = Release|Any CPU
		{573A3E85-9063-4D02-9075-49CDDDD0CBC6}.Release|x86.ActiveCfg = Release|Any CPU
		{573A3E85-9063-4D02-9075-49CDDDD0CBC6}.Release|x86.Build.0 = Release|Any CPU
		{73866F2B-435E-45CC-B2B8-18C2778BB90E}.Debug|Any CPU.ActiveCfg = Debug|Any CPU
		{73866F2B-435E-45CC-B2B8-18C2778BB90E}.Debug|Any CPU.Build.0 = Debug|Any CPU
		{73866F2B-435E-45CC-B2B8-18C2778BB90E}.Debug|x64.ActiveCfg = Debug|Any CPU
		{73866F2B-435E-45CC-B2B8-18C2778BB90E}.Debug|x64.Build.0 = Debug|Any CPU
		{73866F2B-435E-45CC-B2B8-18C2778BB90E}.Debug|x86.ActiveCfg = Debug|Any CPU
		{73866F2B-435E-45CC-B2B8-18C2778BB90E}.Debug|x86.Build.0 = Debug|Any CPU
		{73866F2B-435E-45CC-B2B8-18C2778BB90E}.Release|Any CPU.ActiveCfg = Release|Any CPU
		{73866F2B-435E-45CC-B2B8-18C2778BB90E}.Release|Any CPU.Build.0 = Release|Any CPU
		{73866F2B-435E-45CC-B2B8-18C2778BB90E}.Release|x64.ActiveCfg = Release|Any CPU
		{73866F2B-435E-45CC-B2B8-18C2778BB90E}.Release|x64.Build.0 = Release|Any CPU
		{73866F2B-435E-45CC-B2B8-18C2778BB90E}.Release|x86.ActiveCfg = Release|Any CPU
		{73866F2B-435E-45CC-B2B8-18C2778BB90E}.Release|x86.Build.0 = Release|Any CPU
	EndGlobalSection
	GlobalSection(SolutionProperties) = preSolution
		HideSolutionNode = FALSE
	EndGlobalSection
	GlobalSection(ExtensibilityGlobals) = postSolution
		SolutionGuid = {7EC79B12-9DC6-4B0A-8789-5E8C46CE3DBF}
	EndGlobalSection
EndGlobal
